{
  "name": "winestudytool",
  "version": "1.0.0",
  "lockfileVersion": 3,
  "requires": true,
  "packages": {
    "": {
      "name": "winestudytool",
      "version": "1.0.0",
      "license": "ISC"
    },
    "..": {
      "name": "wine-study-tool-root",
      "version": "1.0.0",
      "extraneous": true
    }
  }
}
